
Microsoft Visual Studio Solution File, Format Version 12.00
# Visual Studio Version 16
VisualStudioVersion = 16.0.31129.286
MinimumVisualStudioVersion = 10.0.40219.1
Project("{FAE04EC0-301F-11D3-BF4B-00C04F79EFBC}") = "Discord Otomatik İsim Değiştirici", "Discord Otomatik İsim Değiştirici\Discord Otomatik İsim Değiştirici.csproj", "{4C240C43-6FBC-49F3-B8DD-49B6D5DFDF44}"
EndProject
Global
	GlobalSection(SolutionConfigurationPlatforms) = preSolution
		Debug|Any CPU = Debug|Any CPU
		Release|Any CPU = Release|Any CPU
	EndGlobalSection
	GlobalSection(ProjectConfigurationPlatforms) = postSolution
		{4C240C43-6FBC-49F3-B8DD-49B6D5DFDF44}.Debug|Any CPU.ActiveCfg = Debug|Any CPU
		{4C240C43-6FBC-49F3-B8DD-49B6D5DFDF44}.Debug|Any CPU.Build.0 = Debug|Any CPU
		{4C240C43-6FBC-49F3-B8DD-49B6D5DFDF44}.Release|Any CPU.ActiveCfg = Release|Any CPU
		{4C240C43-6FBC-49F3-B8DD-49B6D5DFDF44}.Release|Any CPU.Build.0 = Release|Any CPU
	EndGlobalSection
	GlobalSection(SolutionProperties) = preSolution
		HideSolutionNode = FALSE
	EndGlobalSection
	GlobalSection(ExtensibilityGlobals) = postSolution
		SolutionGuid = {D7B21B56-0D03-4184-A7DE-FACB7DEA1E57}
	EndGlobalSection
EndGlobal
